
Microsoft Visual Studio Solution File, Format Version 12.00
# Visual Studio 15
Project("{FAE04EC0-301F-11D3-BF4B-00C04F79EFBC}") = "Assembly-CSharp", "Assembly-CSharp.csproj", "{754DDB12-A671-9B46-1790-8891DC303783}"
EndProject
Project("{FAE04EC0-301F-11D3-BF4B-00C04F79EFBC}") = "Unity.XR.Interaction.Toolkit.Samples.DeviceSimulator", "Unity.XR.Interaction.Toolkit.Samples.DeviceSimulator.csproj", "{09FFDEDC-7F7E-34DB-994F-98A34A084C2D}"
EndProject
Global
	GlobalSection(SolutionConfigurationPlatforms) = preSolution
		Debug|Any CPU = Debug|Any CPU
		Release|Any CPU = Release|Any CPU
	EndGlobalSection
	GlobalSection(ProjectConfigurationPlatforms) = postSolution
		{754DDB12-A671-9B46-1790-8891DC303783}.Debug|Any CPU.ActiveCfg = Debug|Any CPU
		{754DDB12-A671-9B46-1790-8891DC303783}.Debug|Any CPU.Build.0 = Debug|Any CPU
		{754DDB12-A671-9B46-1790-8891DC303783}.Release|Any CPU.ActiveCfg = Release|Any CPU
		{754DDB12-A671-9B46-1790-8891DC303783}.Release|Any CPU.Build.0 = Release|Any CPU
		{09FFDEDC-7F7E-34DB-994F-98A34A084C2D}.Debug|Any CPU.ActiveCfg = Debug|Any CPU
		{09FFDEDC-7F7E-34DB-994F-98A34A084C2D}.Debug|Any CPU.Build.0 = Debug|Any CPU
		{09FFDEDC-7F7E-34DB-994F-98A34A084C2D}.Release|Any CPU.ActiveCfg = Release|Any CPU
		{09FFDEDC-7F7E-34DB-994F-98A34A084C2D}.Release|Any CPU.Build.0 = Release|Any CPU
	EndGlobalSection
	GlobalSection(SolutionProperties) = preSolution
		HideSolutionNode = FALSE
	EndGlobalSection
EndGlobal
